{
    "_readme": [
        "This file locks the dependencies of your project to a known state",
        "Read more about it at https://getcomposer.org/doc/01-basic-usage.md#composer-lock-the-lock-file",
        "This file is @generated automatically"
    ],
    "hash": "80667730cc6effbdef584909dc093c3c",
    "content-hash": "2a4d1e36733c1304ef82c8c4156be3f9",
    "packages": [
        {
            "name": "layershifter/tld-database",
            "version": "1.0.1",
            "source": {
                "type": "git",
                "url": "https://github.com/layershifter/TLDDatabase.git",
                "reference": "5066a0f34df5336b1e92d3acb6c4aa8c1a71b94a"
            },
            "dist": {
                "type": "zip",
                "url": "https://api.github.com/repos/layershifter/TLDDatabase/zipball/5066a0f34df5336b1e92d3acb6c4aa8c1a71b94a",
                "reference": "5066a0f34df5336b1e92d3acb6c4aa8c1a71b94a",
                "shasum": ""
            },
            "require": {
                "ext-curl": "*",
                "layershifter/tld-support": "^1.0.0"
            },
            "require-dev": {
                "codeclimate/php-test-reporter": "dev-master",
                "mikey179/vfsstream": "^1.6",
                "phpmd/phpmd": "@stable",
                "phpunit/phpunit": "4.8.*",
                "squizlabs/php_codesniffer": "2.*"
            },
            "type": "library",
            "autoload": {
                "psr-4": {
                    "LayerShifter\\TLDDatabase\\": "src/"
                }
            },
            "notification-url": "https://packagist.org/downloads/",
            "license": [
                "Apache-2.0"
            ],
            "authors": [
                {
                    "name": "Alexander Fedyashov",
                    "email": "a@fedyashov.com"
                }
            ],
            "description": "Database abstraction for Public Suffix List",
            "time": "2016-06-23 20:03:46"
        },
        {
            "name": "layershifter/tld-extract",
            "version": "1.0.0",
            "source": {
                "type": "git",
                "url": "https://github.com/layershifter/TLDExtract.git",
                "reference": "620afdce28c8b1d5d5bb0531e41a48095b059812"
            },
            "dist": {
                "type": "zip",
                "url": "https://api.github.com/repos/layershifter/TLDExtract/zipball/620afdce28c8b1d5d5bb0531e41a48095b059812",
                "reference": "620afdce28c8b1d5d5bb0531e41a48095b059812",
                "shasum": ""
            },
            "require": {
                "ext-intl": "*",
                "layershifter/tld-database": "^1.0",
                "layershifter/tld-support": "^1.1",
                "php": ">=5.5"
            },
            "require-dev": {
                "codeclimate/php-test-reporter": "dev-master",
                "phpmd/phpmd": "@stable",
                "phpunit/phpunit": "4.8.*",
                "scrutinizer/ocular": "~1.1",
                "squizlabs/php_codesniffer": "2.*"
            },
            "type": "library",
            "autoload": {
                "psr-4": {
                    "LayerShifter\\TLDExtract\\": "src/"
                }
            },
            "notification-url": "https://packagist.org/downloads/",
            "license": [
                "Apache-2.0"
            ],
            "authors": [
                {
                    "name": "Alexander Fedyashov",
                    "email": "a@fedyashov.com"
                }
            ],
            "description": "TLDExtract, library for extracting parts of domain, e.q. domain parser",
            "keywords": [
                "TLDExtract",
                "domain parser"
            ],
            "time": "2016-06-20 09:38:07"
        },
        {
            "name": "layershifter/tld-support",
            "version": "1.1.1",
            "source": {
                "type": "git",
                "url": "https://github.com/layershifter/TLDSupport.git",
                "reference": "9b9eb2350db82239289f4e6eb250a2fe4865b0db"
            },
            "dist": {
                "type": "zip",
                "url": "https://api.github.com/repos/layershifter/TLDSupport/zipball/9b9eb2350db82239289f4e6eb250a2fe4865b0db",
                "reference": "9b9eb2350db82239289f4e6eb250a2fe4865b0db",
                "shasum": ""
            },
            "require": {
                "php": ">=5.5",
                "symfony/polyfill-mbstring": "^1.2"
            },
            "require-dev": {
                "codeclimate/php-test-reporter": "dev-master",
                "phpmd/phpmd": "@stable",
                "phpunit/phpunit": "4.8.*",
                "squizlabs/php_codesniffer": "2.*"
            },
            "type": "library",
            "autoload": {
                "psr-4": {
                    "LayerShifter\\TLDSupport\\": "src/"
                }
            },
            "notification-url": "https://packagist.org/downloads/",
            "license": [
                "Apache-2.0"
            ],
            "authors": [
                {
                    "name": "Alexander Fedyashov",
                    "email": "a@fedyashov.com"
                }
            ],
            "description": "Support package for TLDDatabase and TLDExtract",
            "time": "2016-06-18 12:28:04"
        },
        {
            "name": "symfony/polyfill-mbstring",
            "version": "v1.2.0",
            "source": {
                "type": "git",
                "url": "https://github.com/symfony/polyfill-mbstring.git",
                "reference": "dff51f72b0706335131b00a7f49606168c582594"
            },
            "dist": {
                "type": "zip",
                "url": "https://api.github.com/repos/symfony/polyfill-mbstring/zipball/dff51f72b0706335131b00a7f49606168c582594",
                "reference": "dff51f72b0706335131b00a7f49606168c582594",
                "shasum": ""
            },
            "require": {
                "php": ">=5.3.3"
            },
            "suggest": {
                "ext-mbstring": "For best performance"
            },
            "type": "library",
            "extra": {
                "branch-alias": {
                    "dev-master": "1.2-dev"
                }
            },
            "autoload": {
                "psr-4": {
                    "Symfony\\Polyfill\\Mbstring\\": ""
                },
                "files": [
                    "bootstrap.php"
                ]
            },
            "notification-url": "https://packagist.org/downloads/",
            "license": [
                "MIT"
            ],
            "authors": [
                {
                    "name": "Nicolas Grekas",
                    "email": "p@tchwork.com"
                },
                {
                    "name": "Symfony Community",
                    "homepage": "https://symfony.com/contributors"
                }
            ],
            "description": "Symfony polyfill for the Mbstring extension",
            "homepage": "https://symfony.com",
            "keywords": [
                "compatibility",
                "mbstring",
                "polyfill",
                "portable",
                "shim"
            ],
            "time": "2016-05-18 14:26:46"
        }
    ],
    "packages-dev": [],
    "aliases": [],
    "minimum-stability": "stable",
    "stability-flags": [],
    "prefer-stable": false,
    "prefer-lowest": false,
    "platform": [],
    "platform-dev": []
}
